# This file is autogenerated, do not edit; changes may be undone by the next 'dep ensure'.


[[projects]]
  branch = "master"
  name = "github.com/icza/dyno"
  packages = ["."]
  revision = "0c96289f9585a8af1ebfcee94d52b4f6cfaf9f0d"

[[projects]]
  name = "github.com/imdario/mergo"
  packages = ["."]
  revision = "9316a62528ac99aaecb4e47eadd6dc8aa6533d58"
  version = "v0.3.5"

[[projects]]
  name = "github.com/urfave/cli"
  packages = ["."]
  revision = "cfb38830724cc34fedffe9a2a29fb54fa9169cd1"
  version = "v1.20.0"

[[projects]]
  name = "gopkg.in/yaml.v2"
  packages = ["."]
  revision = "5420a8b6744d3b0345ab293f6fcba19c978f1183"
  version = "v2.2.1"

[solve-meta]
  analyzer-name = "dep"
  analyzer-version = 1
  inputs-digest = "86e54a615eea53911bc5933a63d6859ebaff4476cfd305f1c5eb18871d5ec588"
  solver-name = "gps-cdcl"
  solver-version = 1
